
Microsoft Visual Studio Solution File, Format Version 12.00
# Visual Studio Version 16
VisualStudioVersion = 16.0.30413.136
MinimumVisualStudioVersion = 10.0.40219.1
Project("{FAE04EC0-301F-11D3-BF4B-00C04F79EFBC}") = "Server", "Server\Server.csproj", "{3E57A91A-A765-474E-8CFB-BBF1A61F8E3D}"
EndProject
Project("{FAE04EC0-301F-11D3-BF4B-00C04F79EFBC}") = "Client", "Client\Client.csproj", "{3906B73C-F9CE-4751-B5D9-A5746EA91A41}"
EndProject
Global
	GlobalSection(SolutionConfigurationPlatforms) = preSolution
		Debug|Any CPU = Debug|Any CPU
		Release|Any CPU = Release|Any CPU
	EndGlobalSection
	GlobalSection(ProjectConfigurationPlatforms) = postSolution
		{3E57A91A-A765-474E-8CFB-BBF1A61F8E3D}.Debug|Any CPU.ActiveCfg = Debug|Any CPU
		{3E57A91A-A765-474E-8CFB-BBF1A61F8E3D}.Debug|Any CPU.Build.0 = Debug|Any CPU
		{3E57A91A-A765-474E-8CFB-BBF1A61F8E3D}.Release|Any CPU.ActiveCfg = Release|Any CPU
		{3E57A91A-A765-474E-8CFB-BBF1A61F8E3D}.Release|Any CPU.Build.0 = Release|Any CPU
		{3906B73C-F9CE-4751-B5D9-A5746EA91A41}.Debug|Any CPU.ActiveCfg = Debug|Any CPU
		{3906B73C-F9CE-4751-B5D9-A5746EA91A41}.Debug|Any CPU.Build.0 = Debug|Any CPU
		{3906B73C-F9CE-4751-B5D9-A5746EA91A41}.Release|Any CPU.ActiveCfg = Release|Any CPU
		{3906B73C-F9CE-4751-B5D9-A5746EA91A41}.Release|Any CPU.Build.0 = Release|Any CPU
	EndGlobalSection
	GlobalSection(SolutionProperties) = preSolution
		HideSolutionNode = FALSE
	EndGlobalSection
	GlobalSection(ExtensibilityGlobals) = postSolution
		SolutionGuid = {93BB424A-C4D0-44C0-AA71-1D4305815C02}
	EndGlobalSection
EndGlobal
