
Microsoft Visual Studio Solution File, Format Version 12.00
# Visual Studio Version 16
VisualStudioVersion = 16.0.30413.136
MinimumVisualStudioVersion = 10.0.40219.1
Project("{FAE04EC0-301F-11D3-BF4B-00C04F79EFBC}") = "Asp_Net_Anime", "Asp_Net_Anime\Asp_Net_Anime.csproj", "{ED2D361C-BF96-48E0-A1AC-8D77D64BB7B3}"
EndProject
Global
	GlobalSection(SolutionConfigurationPlatforms) = preSolution
		Debug|Any CPU = Debug|Any CPU
		Release|Any CPU = Release|Any CPU
	EndGlobalSection
	GlobalSection(ProjectConfigurationPlatforms) = postSolution
		{ED2D361C-BF96-48E0-A1AC-8D77D64BB7B3}.Debug|Any CPU.ActiveCfg = Debug|Any CPU
		{ED2D361C-BF96-48E0-A1AC-8D77D64BB7B3}.Debug|Any CPU.Build.0 = Debug|Any CPU
		{ED2D361C-BF96-48E0-A1AC-8D77D64BB7B3}.Release|Any CPU.ActiveCfg = Release|Any CPU
		{ED2D361C-BF96-48E0-A1AC-8D77D64BB7B3}.Release|Any CPU.Build.0 = Release|Any CPU
	EndGlobalSection
	GlobalSection(SolutionProperties) = preSolution
		HideSolutionNode = FALSE
	EndGlobalSection
	GlobalSection(ExtensibilityGlobals) = postSolution
		SolutionGuid = {829DABE3-6358-4EEF-A9B3-00AB7B961491}
	EndGlobalSection
EndGlobal
