
Microsoft Visual Studio Solution File, Format Version 12.00
# Visual Studio Version 16
VisualStudioVersion = 16.0.30413.136
MinimumVisualStudioVersion = 10.0.40219.1
Project("{FAE04EC0-301F-11D3-BF4B-00C04F79EFBC}") = "ADO.NET_7", "ADO.NET_7\ADO.NET_7.csproj", "{BBFFE1EB-4FBD-4FE8-9927-4894C469CB20}"
EndProject
Project("{FAE04EC0-301F-11D3-BF4B-00C04F79EFBC}") = "ASP.NET_7_Practice", "ASP.NET_7_Practice\ASP.NET_7_Practice.csproj", "{63C975DE-69A6-4661-820C-0DBC35C228BA}"
EndProject
Global
	GlobalSection(SolutionConfigurationPlatforms) = preSolution
		Debug|Any CPU = Debug|Any CPU
		Release|Any CPU = Release|Any CPU
	EndGlobalSection
	GlobalSection(ProjectConfigurationPlatforms) = postSolution
		{BBFFE1EB-4FBD-4FE8-9927-4894C469CB20}.Debug|Any CPU.ActiveCfg = Debug|Any CPU
		{BBFFE1EB-4FBD-4FE8-9927-4894C469CB20}.Debug|Any CPU.Build.0 = Debug|Any CPU
		{BBFFE1EB-4FBD-4FE8-9927-4894C469CB20}.Release|Any CPU.ActiveCfg = Release|Any CPU
		{BBFFE1EB-4FBD-4FE8-9927-4894C469CB20}.Release|Any CPU.Build.0 = Release|Any CPU
		{63C975DE-69A6-4661-820C-0DBC35C228BA}.Debug|Any CPU.ActiveCfg = Debug|Any CPU
		{63C975DE-69A6-4661-820C-0DBC35C228BA}.Debug|Any CPU.Build.0 = Debug|Any CPU
		{63C975DE-69A6-4661-820C-0DBC35C228BA}.Release|Any CPU.ActiveCfg = Release|Any CPU
		{63C975DE-69A6-4661-820C-0DBC35C228BA}.Release|Any CPU.Build.0 = Release|Any CPU
	EndGlobalSection
	GlobalSection(SolutionProperties) = preSolution
		HideSolutionNode = FALSE
	EndGlobalSection
	GlobalSection(ExtensibilityGlobals) = postSolution
		SolutionGuid = {E5E51ECF-2B1E-4651-AA3D-6F856EF9F745}
	EndGlobalSection
EndGlobal
