
Microsoft Visual Studio Solution File, Format Version 12.00
# Visual Studio Version 16
VisualStudioVersion = 16.0.30413.136
MinimumVisualStudioVersion = 10.0.40219.1
Project("{FAE04EC0-301F-11D3-BF4B-00C04F79EFBC}") = "AngularBaseAuth.Api", "AngularBaseAuth.Api\AngularBaseAuth.Api.csproj", "{8BDB0EB7-2981-4F66-9491-6EEA99AB3595}"
EndProject
Global
	GlobalSection(SolutionConfigurationPlatforms) = preSolution
		Debug|Any CPU = Debug|Any CPU
		Release|Any CPU = Release|Any CPU
	EndGlobalSection
	GlobalSection(ProjectConfigurationPlatforms) = postSolution
		{8BDB0EB7-2981-4F66-9491-6EEA99AB3595}.Debug|Any CPU.ActiveCfg = Debug|Any CPU
		{8BDB0EB7-2981-4F66-9491-6EEA99AB3595}.Debug|Any CPU.Build.0 = Debug|Any CPU
		{8BDB0EB7-2981-4F66-9491-6EEA99AB3595}.Release|Any CPU.ActiveCfg = Release|Any CPU
		{8BDB0EB7-2981-4F66-9491-6EEA99AB3595}.Release|Any CPU.Build.0 = Release|Any CPU
	EndGlobalSection
	GlobalSection(SolutionProperties) = preSolution
		HideSolutionNode = FALSE
	EndGlobalSection
	GlobalSection(ExtensibilityGlobals) = postSolution
		SolutionGuid = {E0D05734-6CF4-4059-AC02-CCA234352944}
	EndGlobalSection
EndGlobal
