
Microsoft Visual Studio Solution File, Format Version 12.00
# Visual Studio Version 16
VisualStudioVersion = 16.0.30413.136
MinimumVisualStudioVersion = 10.0.40219.1
Project("{FAE04EC0-301F-11D3-BF4B-00C04F79EFBC}") = "Client", "Client\Client.csproj", "{8E9EC44E-1ED0-4D76-85FA-1B2696BC1626}"
EndProject
Project("{FAE04EC0-301F-11D3-BF4B-00C04F79EFBC}") = "Server", "Server\Server.csproj", "{A86C5022-D0BD-4186-B42E-1AC237E850F1}"
EndProject
Global
	GlobalSection(SolutionConfigurationPlatforms) = preSolution
		Debug|Any CPU = Debug|Any CPU
		Release|Any CPU = Release|Any CPU
	EndGlobalSection
	GlobalSection(ProjectConfigurationPlatforms) = postSolution
		{8E9EC44E-1ED0-4D76-85FA-1B2696BC1626}.Debug|Any CPU.ActiveCfg = Debug|Any CPU
		{8E9EC44E-1ED0-4D76-85FA-1B2696BC1626}.Debug|Any CPU.Build.0 = Debug|Any CPU
		{8E9EC44E-1ED0-4D76-85FA-1B2696BC1626}.Release|Any CPU.ActiveCfg = Release|Any CPU
		{8E9EC44E-1ED0-4D76-85FA-1B2696BC1626}.Release|Any CPU.Build.0 = Release|Any CPU
		{A86C5022-D0BD-4186-B42E-1AC237E850F1}.Debug|Any CPU.ActiveCfg = Debug|Any CPU
		{A86C5022-D0BD-4186-B42E-1AC237E850F1}.Debug|Any CPU.Build.0 = Debug|Any CPU
		{A86C5022-D0BD-4186-B42E-1AC237E850F1}.Release|Any CPU.ActiveCfg = Release|Any CPU
		{A86C5022-D0BD-4186-B42E-1AC237E850F1}.Release|Any CPU.Build.0 = Release|Any CPU
	EndGlobalSection
	GlobalSection(SolutionProperties) = preSolution
		HideSolutionNode = FALSE
	EndGlobalSection
	GlobalSection(ExtensibilityGlobals) = postSolution
		SolutionGuid = {A3D08ECD-1709-44C5-B662-D034D782EDEA}
	EndGlobalSection
EndGlobal
