
Microsoft Visual Studio Solution File, Format Version 12.00
# Visual Studio Version 16
VisualStudioVersion = 16.0.30413.136
MinimumVisualStudioVersion = 10.0.40219.1
Project("{FAE04EC0-301F-11D3-BF4B-00C04F79EFBC}") = "ASP.NET_1", "ASP.NET_1\ASP.NET_1.csproj", "{CDE72962-5D26-4E35-9AA4-44CF8A908428}"
EndProject
Global
	GlobalSection(SolutionConfigurationPlatforms) = preSolution
		Debug|Any CPU = Debug|Any CPU
		Release|Any CPU = Release|Any CPU
	EndGlobalSection
	GlobalSection(ProjectConfigurationPlatforms) = postSolution
		{CDE72962-5D26-4E35-9AA4-44CF8A908428}.Debug|Any CPU.ActiveCfg = Debug|Any CPU
		{CDE72962-5D26-4E35-9AA4-44CF8A908428}.Debug|Any CPU.Build.0 = Debug|Any CPU
		{CDE72962-5D26-4E35-9AA4-44CF8A908428}.Release|Any CPU.ActiveCfg = Release|Any CPU
		{CDE72962-5D26-4E35-9AA4-44CF8A908428}.Release|Any CPU.Build.0 = Release|Any CPU
	EndGlobalSection
	GlobalSection(SolutionProperties) = preSolution
		HideSolutionNode = FALSE
	EndGlobalSection
	GlobalSection(ExtensibilityGlobals) = postSolution
		SolutionGuid = {DC4D1E35-0761-4B36-B2AD-63EC1A82DFCF}
	EndGlobalSection
EndGlobal
