
Microsoft Visual Studio Solution File, Format Version 12.00
# Visual Studio Version 16
VisualStudioVersion = 16.0.30413.136
MinimumVisualStudioVersion = 10.0.40219.1
Project("{FAE04EC0-301F-11D3-BF4B-00C04F79EFBC}") = "ASP.NET_2", "ASP.NET_2\ASP.NET_2.csproj", "{9D34FA54-42E4-4F50-8AB6-F2EDE4F6BA42}"
EndProject
Global
	GlobalSection(SolutionConfigurationPlatforms) = preSolution
		Debug|Any CPU = Debug|Any CPU
		Release|Any CPU = Release|Any CPU
	EndGlobalSection
	GlobalSection(ProjectConfigurationPlatforms) = postSolution
		{9D34FA54-42E4-4F50-8AB6-F2EDE4F6BA42}.Debug|Any CPU.ActiveCfg = Debug|Any CPU
		{9D34FA54-42E4-4F50-8AB6-F2EDE4F6BA42}.Debug|Any CPU.Build.0 = Debug|Any CPU
		{9D34FA54-42E4-4F50-8AB6-F2EDE4F6BA42}.Release|Any CPU.ActiveCfg = Release|Any CPU
		{9D34FA54-42E4-4F50-8AB6-F2EDE4F6BA42}.Release|Any CPU.Build.0 = Release|Any CPU
	EndGlobalSection
	GlobalSection(SolutionProperties) = preSolution
		HideSolutionNode = FALSE
	EndGlobalSection
	GlobalSection(ExtensibilityGlobals) = postSolution
		SolutionGuid = {99B77973-E408-49B5-B557-D4C55B937609}
	EndGlobalSection
EndGlobal
