
Microsoft Visual Studio Solution File, Format Version 12.00
# Visual Studio Version 16
VisualStudioVersion = 16.0.30413.136
MinimumVisualStudioVersion = 10.0.40219.1
Project("{FAE04EC0-301F-11D3-BF4B-00C04F79EFBC}") = "University_HW", "University_HW\University_HW.csproj", "{B5594148-7B61-4770-8736-8157A8233CFE}"
EndProject
Global
	GlobalSection(SolutionConfigurationPlatforms) = preSolution
		Debug|Any CPU = Debug|Any CPU
		Release|Any CPU = Release|Any CPU
	EndGlobalSection
	GlobalSection(ProjectConfigurationPlatforms) = postSolution
		{B5594148-7B61-4770-8736-8157A8233CFE}.Debug|Any CPU.ActiveCfg = Debug|Any CPU
		{B5594148-7B61-4770-8736-8157A8233CFE}.Debug|Any CPU.Build.0 = Debug|Any CPU
		{B5594148-7B61-4770-8736-8157A8233CFE}.Release|Any CPU.ActiveCfg = Release|Any CPU
		{B5594148-7B61-4770-8736-8157A8233CFE}.Release|Any CPU.Build.0 = Release|Any CPU
	EndGlobalSection
	GlobalSection(SolutionProperties) = preSolution
		HideSolutionNode = FALSE
	EndGlobalSection
	GlobalSection(ExtensibilityGlobals) = postSolution
		SolutionGuid = {20014D58-EE9F-4F11-969B-11CE22AB9752}
	EndGlobalSection
EndGlobal
